{
  "name": "node-red-contrib-routing",
  "version": "1.0.0",
  "lockfileVersion": 1,
  "requires": true,
  "dependencies": {
    "rlite-router": {
      "version": "2.0.3",
      "resolved": "https://registry.npmjs.org/rlite-router/-/rlite-router-2.0.3.tgz",
      "integrity": "sha512-flnIzEK0QpW6hci7d/hujd6eV2m0dEUzrBqw6FSaLDo79pQOHnuRx6sv7Ns5lA1aiQJMv39juz9IFUrytlyqRg=="
    }
  }
}
